// !$*UTF8*$!
{
	archiveVersion = 1;
	classes = {
	};
	objectVersion = 55;
	objects = {

/* Begin PBXBuildFile section */
		C2C0156B27C59243002DD0DF /* AppDelegate.swift in Sources */ = {isa = PBXBuildFile; fileRef = C2C0156A27C59243002DD0DF /* AppDelegate.swift */; };
		C2C0156F27C59243002DD0DF /* WelcomeView.swift in Sources */ = {isa = PBXBuildFile; fileRef = C2C0156E27C59243002DD0DF /* WelcomeView.swift */; };
		C2C0157427C59249002DD0DF /* Assets.xcassets in Resources */ = {isa = PBXBuildFile; fileRef = C2C0157327C59249002DD0DF /* Assets.xcassets */; };
		C2C0157727C59249002DD0DF /* LaunchScreen.storyboard in Resources */ = {isa = PBXBuildFile; fileRef = C2C0157527C59249002DD0DF /* LaunchScreen.storyboard */; };
		C2C0158027C5935C002DD0DF /* SnapKit in Frameworks */ = {isa = PBXBuildFile; productRef = C2C0157F27C5935C002DD0DF /* SnapKit */; };
		C2C0158227C593B5002DD0DF /* MainView.swift in Sources */ = {isa = PBXBuildFile; fileRef = C2C0158127C593B5002DD0DF /* MainView.swift */; };
		C2C0158427C5941F002DD0DF /* ListOfBookmarks.swift in Sources */ = {isa = PBXBuildFile; fileRef = C2C0158327C5941F002DD0DF /* ListOfBookmarks.swift */; };
		C2C0158627C59457002DD0DF /* BookmarkModel.swift in Sources */ = {isa = PBXBuildFile; fileRef = C2C0158527C59457002DD0DF /* BookmarkModel.swift */; };
		C2C0158827C5947C002DD0DF /* AppStorage.swift in Sources */ = {isa = PBXBuildFile; fileRef = C2C0158727C5947C002DD0DF /* AppStorage.swift */; };
/* End PBXBuildFile section */

/* Begin PBXFileReference section */
		C2C0156727C59243002DD0DF /* Bookmark UIKit.app */ = {isa = PBXFileReference; explicitFileType = wrapper.application; includeInIndex = 0; path = "Bookmark UIKit.app"; sourceTree = BUILT_PRODUCTS_DIR; };
		C2C0156A27C59243002DD0DF /* AppDelegate.swift */ = {isa = PBXFileReference; lastKnownFileType = sourcecode.swift; path = AppDelegate.swift; sourceTree = "<group>"; };
		C2C0156E27C59243002DD0DF /* WelcomeView.swift */ = {isa = PBXFileReference; lastKnownFileType = sourcecode.swift; path = WelcomeView.swift; sourceTree = "<group>"; };
		C2C0157327C59249002DD0DF /* Assets.xcassets */ = {isa = PBXFileReference; lastKnownFileType = folder.assetcatalog; path = Assets.xcassets; sourceTree = "<group>"; };
		C2C0157627C59249002DD0DF /* Base */ = {isa = PBXFileReference; lastKnownFileType = file.storyboard; name = Base; path = Base.lproj/LaunchScreen.storyboard; sourceTree = "<group>"; };
		C2C0157827C59249002DD0DF /* Info.plist */ = {isa = PBXFileReference; lastKnownFileType = text.plist.xml; path = Info.plist; sourceTree = "<group>"; };
		C2C0158127C593B5002DD0DF /* MainView.swift */ = {isa = PBXFileReference; lastKnownFileType = sourcecode.swift; path = MainView.swift; sourceTree = "<group>"; };
		C2C0158327C5941F002DD0DF /* ListOfBookmarks.swift */ = {isa = PBXFileReference; lastKnownFileType = sourcecode.swift; path = ListOfBookmarks.swift; sourceTree = "<group>"; };
		C2C0158527C59457002DD0DF /* BookmarkModel.swift */ = {isa = PBXFileReference; lastKnownFileType = sourcecode.swift; path = BookmarkModel.swift; sourceTree = "<group>"; };
		C2C0158727C5947C002DD0DF /* AppStorage.swift */ = {isa = PBXFileReference; lastKnownFileType = sourcecode.swift; path = AppStorage.swift; sourceTree = "<group>"; };
/* End PBXFileReference section */

/* Begin PBXFrameworksBuildPhase section */
		C2C0156427C59243002DD0DF /* Frameworks */ = {
			isa = PBXFrameworksBuildPhase;
			buildActionMask = 2147483647;
			files = (
				C2C0158027C5935C002DD0DF /* SnapKit in Frameworks */,
			);
			runOnlyForDeploymentPostprocessing = 0;
		};
/* End PBXFrameworksBuildPhase section */

/* Begin PBXGroup section */
		C2C0155E27C59243002DD0DF = {
			isa = PBXGroup;
			children = (
				C2C0156927C59243002DD0DF /* Bookmark UIKit */,
				C2C0156827C59243002DD0DF /* Products */,
			);
			sourceTree = "<group>";
		};
		C2C0156827C59243002DD0DF /* Products */ = {
			isa = PBXGroup;
			children = (
				C2C0156727C59243002DD0DF /* Bookmark UIKit.app */,
			);
			name = Products;
			sourceTree = "<group>";
		};
		C2C0156927C59243002DD0DF /* Bookmark UIKit */ = {
			isa = PBXGroup;
			children = (
				C2C0156A27C59243002DD0DF /* AppDelegate.swift */,
				C2C0156E27C59243002DD0DF /* WelcomeView.swift */,
				C2C0158127C593B5002DD0DF /* MainView.swift */,
				C2C0158327C5941F002DD0DF /* ListOfBookmarks.swift */,
				C2C0158527C59457002DD0DF /* BookmarkModel.swift */,
				C2C0158727C5947C002DD0DF /* AppStorage.swift */,
				C2C0157327C59249002DD0DF /* Assets.xcassets */,
				C2C0157527C59249002DD0DF /* LaunchScreen.storyboard */,
				C2C0157827C59249002DD0DF /* Info.plist */,
			);
			path = "Bookmark UIKit";
			sourceTree = "<group>";
		};
/* End PBXGroup section */

/* Begin PBXNativeTarget section */
		C2C0156627C59243002DD0DF /* Bookmark UIKit */ = {
			isa = PBXNativeTarget;
			buildConfigurationList = C2C0157B27C59249002DD0DF /* Build configuration list for PBXNativeTarget "Bookmark UIKit" */;
			buildPhases = (
				C2C0156327C59243002DD0DF /* Sources */,
				C2C0156427C59243002DD0DF /* Frameworks */,
				C2C0156527C59243002DD0DF /* Resources */,
			);
			buildRules = (
			);
			dependencies = (
			);
			name = "Bookmark UIKit";
			packageProductDependencies = (
				C2C0157F27C5935C002DD0DF /* SnapKit */,
			);
			productName = "Bookmark UIKit";
			productReference = C2C0156727C59243002DD0DF /* Bookmark UIKit.app */;
			productType = "com.apple.product-type.application";
		};
/* End PBXNativeTarget section */

/* Begin PBXProject section */
		C2C0155F27C59243002DD0DF /* Project object */ = {
			isa = PBXProject;
			attributes = {
				BuildIndependentTargetsInParallel = 1;
				LastSwiftUpdateCheck = 1310;
				LastUpgradeCheck = 1310;
				TargetAttributes = {
					C2C0156627C59243002DD0DF = {
						CreatedOnToolsVersion = 13.1;
					};
				};
			};
			buildConfigurationList = C2C0156227C59243002DD0DF /* Build configuration list for PBXProject "Bookmark UIKit" */;
			compatibilityVersion = "Xcode 13.0";
			developmentRegion = en;
			hasScannedForEncodings = 0;
			knownRegions = (
				en,
				Base,
			);
			mainGroup = C2C0155E27C59243002DD0DF;
			packageReferences = (
				C2C0157E27C5935C002DD0DF /* XCRemoteSwiftPackageReference "SnapKit" */,
			);
			productRefGroup = C2C0156827C59243002DD0DF /* Products */;
			projectDirPath = "";
			projectRoot = "";
			targets = (
				C2C0156627C59243002DD0DF /* Bookmark UIKit */,
			);
		};
/* End PBXProject section */

/* Begin PBXResourcesBuildPhase section */
		C2C0156527C59243002DD0DF /* Resources */ = {
			isa = PBXResourcesBuildPhase;
			buildActionMask = 2147483647;
			files = (
				C2C0157727C59249002DD0DF /* LaunchScreen.storyboard in Resources */,
				C2C0157427C59249002DD0DF /* Assets.xcassets in Resources */,
			);
			runOnlyForDeploymentPostprocessing = 0;
		};
/* End PBXResourcesBuildPhase section */

/* Begin PBXSourcesBuildPhase section */
		C2C0156327C59243002DD0DF /* Sources */ = {
			isa = PBXSourcesBuildPhase;
			buildActionMask = 2147483647;
			files = (
				C2C0156F27C59243002DD0DF /* WelcomeView.swift in Sources */,
				C2C0156B27C59243002DD0DF /* AppDelegate.swift in Sources */,
				C2C0158427C5941F002DD0DF /* ListOfBookmarks.swift in Sources */,
				C2C0158827C5947C002DD0DF /* AppStorage.swift in Sources */,
				C2C0158227C593B5002DD0DF /* MainView.swift in Sources */,
				C2C0158627C59457002DD0DF /* BookmarkModel.swift in Sources */,
			);
			runOnlyForDeploymentPostprocessing = 0;
		};
/* End PBXSourcesBuildPhase section */

/* Begin PBXVariantGroup section */
		C2C0157527C59249002DD0DF /* LaunchScreen.storyboard */ = {
			isa = PBXVariantGroup;
			children = (
				C2C0157627C59249002DD0DF /* Base */,
			);
			name = LaunchScreen.storyboard;
			sourceTree = "<group>";
		};
/* End PBXVariantGroup section */

/* Begin XCBuildConfiguration section */
		C2C0157927C59249002DD0DF /* Debug */ = {
			isa = XCBuildConfiguration;
			buildSettings = {
				ALWAYS_SEARCH_USER_PATHS = NO;
				CLANG_ANALYZER_NONNULL = YES;
				CLANG_ANALYZER_NUMBER_OBJECT_CONVERSION = YES_AGGRESSIVE;
				CLANG_CXX_LANGUAGE_STANDARD = "gnu++17";
				CLANG_CXX_LIBRARY = "libc++";
				CLANG_ENABLE_MODULES = YES;
				CLANG_ENABLE_OBJC_ARC = YES;
				CLANG_ENABLE_OBJC_WEAK = YES;
				CLANG_WARN_BLOCK_CAPTURE_AUTORELEASING = YES;
				CLANG_WARN_BOOL_CONVERSION = YES;
				CLANG_WARN_COMMA = YES;
				CLANG_WARN_CONSTANT_CONVERSION = YES;
				CLANG_WARN_DEPRECATED_OBJC_IMPLEMENTATIONS = YES;
				CLANG_WARN_DIRECT_OBJC_ISA_USAGE = YES_ERROR;
				CLANG_WARN_DOCUMENTATION_COMMENTS = YES;
				CLANG_WARN_EMPTY_BODY = YES;
				CLANG_WARN_ENUM_CONVERSION = YES;
				CLANG_WARN_INFINITE_RECURSION = YES;
				CLANG_WARN_INT_CONVERSION = YES;
				CLANG_WARN_NON_LITERAL_NULL_CONVERSION = YES;
				CLANG_WARN_OBJC_IMPLICIT_RETAIN_SELF = YES;
				CLANG_WARN_OBJC_LITERAL_CONVERSION = YES;
				CLANG_WARN_OBJC_ROOT_CLASS = YES_ERROR;
				CLANG_WARN_QUOTED_INCLUDE_IN_FRAMEWORK_HEADER = YES;
				CLANG_WARN_RANGE_LOOP_ANALYSIS = YES;
				CLANG_WARN_STRICT_PROTOTYPES = YES;
				CLANG_WARN_SUSPICIOUS_MOVE = YES;
				CLANG_WARN_UNGUARDED_AVAILABILITY = YES_AGGRESSIVE;
				CLANG_WARN_UNREACHABLE_CODE = YES;
				CLANG_WARN__DUPLICATE_METHOD_MATCH = YES;
				COPY_PHASE_STRIP = NO;
				DEBUG_INFORMATION_FORMAT = dwarf;
				ENABLE_STRICT_OBJC_MSGSEND = YES;
				ENABLE_TESTABILITY = YES;
				GCC_C_LANGUAGE_STANDARD = gnu11;
				GCC_DYNAMIC_NO_PIC = NO;
				GCC_NO_COMMON_BLOCKS = YES;
				GCC_OPTIMIZATION_LEVEL = 0;
				GCC_PREPROCESSOR_DEFINITIONS = (
					"DEBUG=1",
					"$(inherited)",
				);
				GCC_WARN_64_TO_32_BIT_CONVERSION = YES;
				GCC_WARN_ABOUT_RETURN_TYPE = YES_ERROR;
				GCC_WARN_UNDECLARED_SELECTOR = YES;
				GCC_WARN_UNINITIALIZED_AUTOS = YES_AGGRESSIVE;
				GCC_WARN_UNUSED_FUNCTION = YES;
				GCC_WARN_UNUSED_VARIABLE = YES;
				IPHONEOS_DEPLOYMENT_TARGET = 15.0;
				MTL_ENABLE_DEBUG_INFO = INCLUDE_SOURCE;
				MTL_FAST_MATH = YES;
				ONLY_ACTIVE_ARCH = YES;
				SDKROOT = iphoneos;
				SWIFT_ACTIVE_COMPILATION_CONDITIONS = DEBUG;
				SWIFT_OPTIMIZATION_LEVEL = "-Onone";
			};
			name = Debug;
		};
		C2C0157A27C59249002DD0DF /* Release */ = {
			isa = XCBuildConfiguration;
			buildSettings = {
				ALWAYS_SEARCH_USER_PATHS = NO;
				CLANG_ANALYZER_NONNULL = YES;
				CLANG_ANALYZER_NUMBER_OBJECT_CONVERSION = YES_AGGRESSIVE;
				CLANG_CXX_LANGUAGE_STANDARD = "gnu++17";
				CLANG_CXX_LIBRARY = "libc++";
				CLANG_ENABLE_MODULES = YES;
				CLANG_ENABLE_OBJC_ARC = YES;
				CLANG_ENABLE_OBJC_WEAK = YES;
				CLANG_WARN_BLOCK_CAPTURE_AUTORELEASING = YES;
				CLANG_WARN_BOOL_CONVERSION = YES;
				CLANG_WARN_COMMA = YES;
				CLANG_WARN_CONSTANT_CONVERSION = YES;
				CLANG_WARN_DEPRECATED_OBJC_IMPLEMENTATIONS = YES;
				CLANG_WARN_DIRECT_OBJC_ISA_USAGE = YES_ERROR;
				CLANG_WARN_DOCUMENTATION_COMMENTS = YES;
				CLANG_WARN_EMPTY_BODY = YES;
				CLANG_WARN_ENUM_CONVERSION = YES;
				CLANG_WARN_INFINITE_RECURSION = YES;
				CLANG_WARN_INT_CONVERSION = YES;
				CLANG_WARN_NON_LITERAL_NULL_CONVERSION = YES;
				CLANG_WARN_OBJC_IMPLICIT_RETAIN_SELF = YES;
				CLANG_WARN_OBJC_LITERAL_CONVERSION = YES;
				CLANG_WARN_OBJC_ROOT_CLASS = YES_ERROR;
				CLANG_WARN_QUOTED_INCLUDE_IN_FRAMEWORK_HEADER = YES;
				CLANG_WARN_RANGE_LOOP_ANALYSIS = YES;
				CLANG_WARN_STRICT_PROTOTYPES = YES;
				CLANG_WARN_SUSPICIOUS_MOVE = YES;
				CLANG_WARN_UNGUARDED_AVAILABILITY = YES_AGGRESSIVE;
				CLANG_WARN_UNREACHABLE_CODE = YES;
				CLANG_WARN__DUPLICATE_METHOD_MATCH = YES;
				COPY_PHASE_STRIP = NO;
				DEBUG_INFORMATION_FORMAT = "dwarf-with-dsym";
				ENABLE_NS_ASSERTIONS = NO;
				ENABLE_STRICT_OBJC_MSGSEND = YES;
				GCC_C_LANGUAGE_STANDARD = gnu11;
				GCC_NO_COMMON_BLOCKS = YES;
				GCC_WARN_64_TO_32_BIT_CONVERSION = YES;
				GCC_WARN_ABOUT_RETURN_TYPE = YES_ERROR;
				GCC_WARN_UNDECLARED_SELECTOR = YES;
				GCC_WARN_UNINITIALIZED_AUTOS = YES_AGGRESSIVE;
				GCC_WARN_UNUSED_FUNCTION = YES;
				GCC_WARN_UNUSED_VARIABLE = YES;
				IPHONEOS_DEPLOYMENT_TARGET = 15.0;
				MTL_ENABLE_DEBUG_INFO = NO;
				MTL_FAST_MATH = YES;
				SDKROOT = iphoneos;
				SWIFT_COMPILATION_MODE = wholemodule;
				SWIFT_OPTIMIZATION_LEVEL = "-O";
				VALIDATE_PRODUCT = YES;
			};
			name = Release;
		};
		C2C0157C27C59249002DD0DF /* Debug */ = {
			isa = XCBuildConfiguration;
			buildSettings = {
				ASSETCATALOG_COMPILER_APPICON_NAME = AppIcon;
				ASSETCATALOG_COMPILER_GLOBAL_ACCENT_COLOR_NAME = AccentColor;
				CODE_SIGN_STYLE = Automatic;
				CURRENT_PROJECT_VERSION = 1;
				DEVELOPMENT_TEAM = 9735MXK999;
				GENERATE_INFOPLIST_FILE = YES;
				INFOPLIST_FILE = "Bookmark UIKit/Info.plist";
				INFOPLIST_KEY_UIApplicationSupportsIndirectInputEvents = YES;
				INFOPLIST_KEY_UILaunchStoryboardName = LaunchScreen;
				INFOPLIST_KEY_UISupportedInterfaceOrientations_iPad = "UIInterfaceOrientationPortrait UIInterfaceOrientationPortraitUpsideDown UIInterfaceOrientationLandscapeLeft UIInterfaceOrientationLandscapeRight";
				INFOPLIST_KEY_UISupportedInterfaceOrientations_iPhone = "UIInterfaceOrientationPortrait UIInterfaceOrientationLandscapeLeft UIInterfaceOrientationLandscapeRight";
				LD_RUNPATH_SEARCH_PATHS = (
					"$(inherited)",
					"@executable_path/Frameworks",
				);
				MARKETING_VERSION = 1.0;
				PRODUCT_BUNDLE_IDENTIFIER = "arman-default-project.Bookmark-UIKit";
				PRODUCT_NAME = "$(TARGET_NAME)";
				SWIFT_EMIT_LOC_STRINGS = YES;
				SWIFT_VERSION = 5.0;
				TARGETED_DEVICE_FAMILY = "1,2";
			};
			name = Debug;
		};
		C2C0157D27C59249002DD0DF /* Release */ = {
			isa = XCBuildConfiguration;
			buildSettings = {
				ASSETCATALOG_COMPILER_APPICON_NAME = AppIcon;
				ASSETCATALOG_COMPILER_GLOBAL_ACCENT_COLOR_NAME = AccentColor;
				CODE_SIGN_STYLE = Automatic;
				CURRENT_PROJECT_VERSION = 1;
				DEVELOPMENT_TEAM = 9735MXK999;
				GENERATE_INFOPLIST_FILE = YES;
				INFOPLIST_FILE = "Bookmark UIKit/Info.plist";
				INFOPLIST_KEY_UIApplicationSupportsIndirectInputEvents = YES;
				INFOPLIST_KEY_UILaunchStoryboardName = LaunchScreen;
				INFOPLIST_KEY_UISupportedInterfaceOrientations_iPad = "UIInterfaceOrientationPortrait UIInterfaceOrientationPortraitUpsideDown UIInterfaceOrientationLandscapeLeft UIInterfaceOrientationLandscapeRight";
				INFOPLIST_KEY_UISupportedInterfaceOrientations_iPhone = "UIInterfaceOrientationPortrait UIInterfaceOrientationLandscapeLeft UIInterfaceOrientationLandscapeRight";
				LD_RUNPATH_SEARCH_PATHS = (
					"$(inherited)",
					"@executable_path/Frameworks",
				);
				MARKETING_VERSION = 1.0;
				PRODUCT_BUNDLE_IDENTIFIER = "arman-default-project.Bookmark-UIKit";
				PRODUCT_NAME = "$(TARGET_NAME)";
				SWIFT_EMIT_LOC_STRINGS = YES;
				SWIFT_VERSION = 5.0;
				TARGETED_DEVICE_FAMILY = "1,2";
			};
			name = Release;
		};
/* End XCBuildConfiguration section */

/* Begin XCConfigurationList section */
		C2C0156227C59243002DD0DF /* Build configuration list for PBXProject "Bookmark UIKit" */ = {
			isa = XCConfigurationList;
			buildConfigurations = (
				C2C0157927C59249002DD0DF /* Debug */,
				C2C0157A27C59249002DD0DF /* Release */,
			);
			defaultConfigurationIsVisible = 0;
			defaultConfigurationName = Release;
		};
		C2C0157B27C59249002DD0DF /* Build configuration list for PBXNativeTarget "Bookmark UIKit" */ = {
			isa = XCConfigurationList;
			buildConfigurations = (
				C2C0157C27C59249002DD0DF /* Debug */,
				C2C0157D27C59249002DD0DF /* Release */,
			);
			defaultConfigurationIsVisible = 0;
			defaultConfigurationName = Release;
		};
/* End XCConfigurationList section */

/* Begin XCRemoteSwiftPackageReference section */
		C2C0157E27C5935C002DD0DF /* XCRemoteSwiftPackageReference "SnapKit" */ = {
			isa = XCRemoteSwiftPackageReference;
			repositoryURL = "https://github.com/SnapKit/SnapKit";
			requirement = {
				branch = develop;
				kind = branch;
			};
		};
/* End XCRemoteSwiftPackageReference section */

/* Begin XCSwiftPackageProductDependency section */
		C2C0157F27C5935C002DD0DF /* SnapKit */ = {
			isa = XCSwiftPackageProductDependency;
			package = C2C0157E27C5935C002DD0DF /* XCRemoteSwiftPackageReference "SnapKit" */;
			productName = SnapKit;
		};
/* End XCSwiftPackageProductDependency section */
	};
	rootObject = C2C0155F27C59243002DD0DF /* Project object */;
}
